// !$*UTF8*$!
{
	archiveVersion = 1;
	classes = {
	};
	objectVersion = 46;
	objects = {

/* Begin PBXBuildFile section */
		4CE55E611CF72F4B00DDC3EA /* main.m in Sources */ = {isa = PBXBuildFile; fileRef = 4CE55E601CF72F4B00DDC3EA /* main.m */; };
		4CE55E641CF72F4B00DDC3EA /* AppDelegate.m in Sources */ = {isa = PBXBuildFile; fileRef = 4CE55E631CF72F4B00DDC3EA /* AppDelegate.m */; };
		4CE55E671CF72F4B00DDC3EA /* ViewController.m in Sources */ = {isa = PBXBuildFile; fileRef = 4CE55E661CF72F4B00DDC3EA /* ViewController.m */; };
		4CE55E6A1CF72F4B00DDC3EA /* Main.storyboard in Resources */ = {isa = PBXBuildFile; fileRef = 4CE55E681CF72F4B00DDC3EA /* Main.storyboard */; };
		4CE55E6C1CF72F4B00DDC3EA /* Assets.xcassets in Resources */ = {isa = PBXBuildFile; fileRef = 4CE55E6B1CF72F4B00DDC3EA /* Assets.xcassets */; };
		4CE55E6F1CF72F4B00DDC3EA /* LaunchScreen.storyboard in Resources */ = {isa = PBXBuildFile; fileRef = 4CE55E6D1CF72F4B00DDC3EA /* LaunchScreen.storyboard */; };
		4CE55E7A1CF72F4B00DDC3EA /* TassskTests.m in Sources */ = {isa = PBXBuildFile; fileRef = 4CE55E791CF72F4B00DDC3EA /* TassskTests.m */; };
		4CE55E851CF72F4B00DDC3EA /* TassskUITests.m in Sources */ = {isa = PBXBuildFile; fileRef = 4CE55E841CF72F4B00DDC3EA /* TassskUITests.m */; };
		4CE55E941CF72FE000DDC3EA /* SecondViewController.m in Sources */ = {isa = PBXBuildFile; fileRef = 4CE55E931CF72FE000DDC3EA /* SecondViewController.m */; settings = {ASSET_TAGS = (); }; };
/* End PBXBuildFile section */

/* Begin PBXContainerItemProxy section */
		4CE55E761CF72F4B00DDC3EA /* PBXContainerItemProxy */ = {
			isa = PBXContainerItemProxy;
			containerPortal = 4CE55E541CF72F4B00DDC3EA /* Project object */;
			proxyType = 1;
			remoteGlobalIDString = 4CE55E5B1CF72F4B00DDC3EA;
			remoteInfo = Tasssk;
		};
		4CE55E811CF72F4B00DDC3EA /* PBXContainerItemProxy */ = {
			isa = PBXContainerItemProxy;
			containerPortal = 4CE55E541CF72F4B00DDC3EA /* Project object */;
			proxyType = 1;
			remoteGlobalIDString = 4CE55E5B1CF72F4B00DDC3EA;
			remoteInfo = Tasssk;
		};
/* End PBXContainerItemProxy section */

/* Begin PBXFileReference section */
		4CE55E5C1CF72F4B00DDC3EA /* Tasssk.app */ = {isa = PBXFileReference; explicitFileType = wrapper.application; includeInIndex = 0; path = Tasssk.app; sourceTree = BUILT_PRODUCTS_DIR; };
		4CE55E601CF72F4B00DDC3EA /* main.m */ = {isa = PBXFileReference; lastKnownFileType = sourcecode.c.objc; path = main.m; sourceTree = "<group>"; };
		4CE55E621CF72F4B00DDC3EA /* AppDelegate.h */ = {isa = PBXFileReference; lastKnownFileType = sourcecode.c.h; path = AppDelegate.h; sourceTree = "<group>"; };
		4CE55E631CF72F4B00DDC3EA /* AppDelegate.m */ = {isa = PBXFileReference; lastKnownFileType = sourcecode.c.objc; path = AppDelegate.m; sourceTree = "<group>"; };
		4CE55E651CF72F4B00DDC3EA /* ViewController.h */ = {isa = PBXFileReference; lastKnownFileType = sourcecode.c.h; path = ViewController.h; sourceTree = "<group>"; };
		4CE55E661CF72F4B00DDC3EA /* ViewController.m */ = {isa = PBXFileReference; lastKnownFileType = sourcecode.c.objc; path = ViewController.m; sourceTree = "<group>"; };
		4CE55E691CF72F4B00DDC3EA /* Base */ = {isa = PBXFileReference; lastKnownFileType = file.storyboard; name = Base; path = Base.lproj/Main.storyboard; sourceTree = "<group>"; };
		4CE55E6B1CF72F4B00DDC3EA /* Assets.xcassets */ = {isa = PBXFileReference; lastKnownFileType = folder.assetcatalog; path = Assets.xcassets; sourceTree = "<group>"; };
		4CE55E6E1CF72F4B00DDC3EA /* Base */ = {isa = PBXFileReference; lastKnownFileType = file.storyboard; name = Base; path = Base.lproj/LaunchScreen.storyboard; sourceTree = "<group>"; };
		4CE55E701CF72F4B00DDC3EA /* Info.plist */ = {isa = PBXFileReference; lastKnownFileType = text.plist.xml; path = Info.plist; sourceTree = "<group>"; };
		4CE55E751CF72F4B00DDC3EA /* TassskTests.xctest */ = {isa = PBXFileReference; explicitFileType = wrapper.cfbundle; includeInIndex = 0; path = TassskTests.xctest; sourceTree = BUILT_PRODUCTS_DIR; };
		4CE55E791CF72F4B00DDC3EA /* TassskTests.m */ = {isa = PBXFileReference; lastKnownFileType = sourcecode.c.objc; path = TassskTests.m; sourceTree = "<group>"; };
		4CE55E7B1CF72F4B00DDC3EA /* Info.plist */ = {isa = PBXFileReference; lastKnownFileType = text.plist.xml; path = Info.plist; sourceTree = "<group>"; };
		4CE55E801CF72F4B00DDC3EA /* TassskUITests.xctest */ = {isa = PBXFileReference; explicitFileType = wrapper.cfbundle; includeInIndex = 0; path = TassskUITests.xctest; sourceTree = BUILT_PRODUCTS_DIR; };
		4CE55E841CF72F4B00DDC3EA /* TassskUITests.m */ = {isa = PBXFileReference; lastKnownFileType = sourcecode.c.objc; path = TassskUITests.m; sourceTree = "<group>"; };
		4CE55E861CF72F4B00DDC3EA /* Info.plist */ = {isa = PBXFileReference; lastKnownFileType = text.plist.xml; path = Info.plist; sourceTree = "<group>"; };
		4CE55E921CF72FE000DDC3EA /* SecondViewController.h */ = {isa = PBXFileReference; fileEncoding = 4; lastKnownFileType = sourcecode.c.h; path = SecondViewController.h; sourceTree = "<group>"; };
		4CE55E931CF72FE000DDC3EA /* SecondViewController.m */ = {isa = PBXFileReference; fileEncoding = 4; lastKnownFileType = sourcecode.c.objc; path = SecondViewController.m; sourceTree = "<group>"; };
/* End PBXFileReference section */

/* Begin PBXFrameworksBuildPhase section */
		4CE55E591CF72F4B00DDC3EA /* Frameworks */ = {
			isa = PBXFrameworksBuildPhase;
			buildActionMask = 2147483647;
			files = (
			);
			runOnlyForDeploymentPostprocessing = 0;
		};
		4CE55E721CF72F4B00DDC3EA /* Frameworks */ = {
			isa = PBXFrameworksBuildPhase;
			buildActionMask = 2147483647;
			files = (
			);
			runOnlyForDeploymentPostprocessing = 0;
		};
		4CE55E7D1CF72F4B00DDC3EA /* Frameworks */ = {
			isa = PBXFrameworksBuildPhase;
			buildActionMask = 2147483647;
			files = (
			);
			runOnlyForDeploymentPostprocessing = 0;
		};
/* End PBXFrameworksBuildPhase section */

/* Begin PBXGroup section */
		4CE55E531CF72F4B00DDC3EA = {
			isa = PBXGroup;
			children = (
				4CE55E5E1CF72F4B00DDC3EA /* Tasssk */,
				4CE55E781CF72F4B00DDC3EA /* TassskTests */,
				4CE55E831CF72F4B00DDC3EA /* TassskUITests */,
				4CE55E5D1CF72F4B00DDC3EA /* Products */,
			);
			sourceTree = "<group>";
		};
		4CE55E5D1CF72F4B00DDC3EA /* Products */ = {
			isa = PBXGroup;
			children = (
				4CE55E5C1CF72F4B00DDC3EA /* Tasssk.app */,
				4CE55E751CF72F4B00DDC3EA /* TassskTests.xctest */,
				4CE55E801CF72F4B00DDC3EA /* TassskUITests.xctest */,
			);
			name = Products;
			sourceTree = "<group>";
		};
		4CE55E5E1CF72F4B00DDC3EA /* Tasssk */ = {
			isa = PBXGroup;
			children = (
				4CE55E621CF72F4B00DDC3EA /* AppDelegate.h */,
				4CE55E631CF72F4B00DDC3EA /* AppDelegate.m */,
				4CE55E651CF72F4B00DDC3EA /* ViewController.h */,
				4CE55E661CF72F4B00DDC3EA /* ViewController.m */,
				4CE55E681CF72F4B00DDC3EA /* Main.storyboard */,
				4CE55E6B1CF72F4B00DDC3EA /* Assets.xcassets */,
				4CE55E6D1CF72F4B00DDC3EA /* LaunchScreen.storyboard */,
				4CE55E701CF72F4B00DDC3EA /* Info.plist */,
				4CE55E5F1CF72F4B00DDC3EA /* Supporting Files */,
				4CE55E921CF72FE000DDC3EA /* SecondViewController.h */,
				4CE55E931CF72FE000DDC3EA /* SecondViewController.m */,
			);
			path = Tasssk;
			sourceTree = "<group>";
		};
		4CE55E5F1CF72F4B00DDC3EA /* Supporting Files */ = {
			isa = PBXGroup;
			children = (
				4CE55E601CF72F4B00DDC3EA /* main.m */,
			);
			name = "Supporting Files";
			sourceTree = "<group>";
		};
		4CE55E781CF72F4B00DDC3EA /* TassskTests */ = {
			isa = PBXGroup;
			children = (
				4CE55E791CF72F4B00DDC3EA /* TassskTests.m */,
				4CE55E7B1CF72F4B00DDC3EA /* Info.plist */,
			);
			path = TassskTests;
			sourceTree = "<group>";
		};
		4CE55E831CF72F4B00DDC3EA /* TassskUITests */ = {
			isa = PBXGroup;
			children = (
				4CE55E841CF72F4B00DDC3EA /* TassskUITests.m */,
				4CE55E861CF72F4B00DDC3EA /* Info.plist */,
			);
			path = TassskUITests;
			sourceTree = "<group>";
		};
/* End PBXGroup section */

/* Begin PBXNativeTarget section */
		4CE55E5B1CF72F4B00DDC3EA /* Tasssk */ = {
			isa = PBXNativeTarget;
			buildConfigurationList = 4CE55E891CF72F4B00DDC3EA /* Build configuration list for PBXNativeTarget "Tasssk" */;
			buildPhases = (
				4CE55E581CF72F4B00DDC3EA /* Sources */,
				4CE55E591CF72F4B00DDC3EA /* Frameworks */,
				4CE55E5A1CF72F4B00DDC3EA /* Resources */,
			);
			buildRules = (
			);
			dependencies = (
			);
			name = Tasssk;
			productName = Tasssk;
			productReference = 4CE55E5C1CF72F4B00DDC3EA /* Tasssk.app */;
			productType = "com.apple.product-type.application";
		};
		4CE55E741CF72F4B00DDC3EA /* TassskTests */ = {
			isa = PBXNativeTarget;
			buildConfigurationList = 4CE55E8C1CF72F4B00DDC3EA /* Build configuration list for PBXNativeTarget "TassskTests" */;
			buildPhases = (
				4CE55E711CF72F4B00DDC3EA /* Sources */,
				4CE55E721CF72F4B00DDC3EA /* Frameworks */,
				4CE55E731CF72F4B00DDC3EA /* Resources */,
			);
			buildRules = (
			);
			dependencies = (
				4CE55E771CF72F4B00DDC3EA /* PBXTargetDependency */,
			);
			name = TassskTests;
			productName = TassskTests;
			productReference = 4CE55E751CF72F4B00DDC3EA /* TassskTests.xctest */;
			productType = "com.apple.product-type.bundle.unit-test";
		};
		4CE55E7F1CF72F4B00DDC3EA /* TassskUITests */ = {
			isa = PBXNativeTarget;
			buildConfigurationList = 4CE55E8F1CF72F4B00DDC3EA /* Build configuration list for PBXNativeTarget "TassskUITests" */;
			buildPhases = (
				4CE55E7C1CF72F4B00DDC3EA /* Sources */,
				4CE55E7D1CF72F4B00DDC3EA /* Frameworks */,
				4CE55E7E1CF72F4B00DDC3EA /* Resources */,
			);
			buildRules = (
			);
			dependencies = (
				4CE55E821CF72F4B00DDC3EA /* PBXTargetDependency */,
			);
			name = TassskUITests;
			productName = TassskUITests;
			productReference = 4CE55E801CF72F4B00DDC3EA /* TassskUITests.xctest */;
			productType = "com.apple.product-type.bundle.ui-testing";
		};
/* End PBXNativeTarget section */

/* Begin PBXProject section */
		4CE55E541CF72F4B00DDC3EA /* Project object */ = {
			isa = PBXProject;
			attributes = {
				LastUpgradeCheck = 0700;
				ORGANIZATIONNAME = fis;
				TargetAttributes = {
					4CE55E5B1CF72F4B00DDC3EA = {
						CreatedOnToolsVersion = 7.0;
					};
					4CE55E741CF72F4B00DDC3EA = {
						CreatedOnToolsVersion = 7.0;
						TestTargetID = 4CE55E5B1CF72F4B00DDC3EA;
					};
					4CE55E7F1CF72F4B00DDC3EA = {
						CreatedOnToolsVersion = 7.0;
						TestTargetID = 4CE55E5B1CF72F4B00DDC3EA;
					};
				};
			};
			buildConfigurationList = 4CE55E571CF72F4B00DDC3EA /* Build configuration list for PBXProject "Tasssk" */;
			compatibilityVersion = "Xcode 3.2";
			developmentRegion = English;
			hasScannedForEncodings = 0;
			knownRegions = (
				en,
				Base,
			);
			mainGroup = 4CE55E531CF72F4B00DDC3EA;
			productRefGroup = 4CE55E5D1CF72F4B00DDC3EA /* Products */;
			projectDirPath = "";
			projectRoot = "";
			targets = (
				4CE55E5B1CF72F4B00DDC3EA /* Tasssk */,
				4CE55E741CF72F4B00DDC3EA /* TassskTests */,
				4CE55E7F1CF72F4B00DDC3EA /* TassskUITests */,
			);
		};
/* End PBXProject section */

/* Begin PBXResourcesBuildPhase section */
		4CE55E5A1CF72F4B00DDC3EA /* Resources */ = {
			isa = PBXResourcesBuildPhase;
			buildActionMask = 2147483647;
			files = (
				4CE55E6F1CF72F4B00DDC3EA /* LaunchScreen.storyboard in Resources */,
				4CE55E6C1CF72F4B00DDC3EA /* Assets.xcassets in Resources */,
				4CE55E6A1CF72F4B00DDC3EA /* Main.storyboard in Resources */,
			);
			runOnlyForDeploymentPostprocessing = 0;
		};
		4CE55E731CF72F4B00DDC3EA /* Resources */ = {
			isa = PBXResourcesBuildPhase;
			buildActionMask = 2147483647;
			files = (
			);
			runOnlyForDeploymentPostprocessing = 0;
		};
		4CE55E7E1CF72F4B00DDC3EA /* Resources */ = {
			isa = PBXResourcesBuildPhase;
			buildActionMask = 2147483647;
			files = (
			);
			runOnlyForDeploymentPostprocessing = 0;
		};
/* End PBXResourcesBuildPhase section */

/* Begin PBXSourcesBuildPhase section */
		4CE55E581CF72F4B00DDC3EA /* Sources */ = {
			isa = PBXSourcesBuildPhase;
			buildActionMask = 2147483647;
			files = (
				4CE55E941CF72FE000DDC3EA /* SecondViewController.m in Sources */,
				4CE55E671CF72F4B00DDC3EA /* ViewController.m in Sources */,
				4CE55E641CF72F4B00DDC3EA /* AppDelegate.m in Sources */,
				4CE55E611CF72F4B00DDC3EA /* main.m in Sources */,
			);
			runOnlyForDeploymentPostprocessing = 0;
		};
		4CE55E711CF72F4B00DDC3EA /* Sources */ = {
			isa = PBXSourcesBuildPhase;
			buildActionMask = 2147483647;
			files = (
				4CE55E7A1CF72F4B00DDC3EA /* TassskTests.m in Sources */,
			);
			runOnlyForDeploymentPostprocessing = 0;
		};
		4CE55E7C1CF72F4B00DDC3EA /* Sources */ = {
			isa = PBXSourcesBuildPhase;
			buildActionMask = 2147483647;
			files = (
				4CE55E851CF72F4B00DDC3EA /* TassskUITests.m in Sources */,
			);
			runOnlyForDeploymentPostprocessing = 0;
		};
/* End PBXSourcesBuildPhase section */

/* Begin PBXTargetDependency section */
		4CE55E771CF72F4B00DDC3EA /* PBXTargetDependency */ = {
			isa = PBXTargetDependency;
			target = 4CE55E5B1CF72F4B00DDC3EA /* Tasssk */;
			targetProxy = 4CE55E761CF72F4B00DDC3EA /* PBXContainerItemProxy */;
		};
		4CE55E821CF72F4B00DDC3EA /* PBXTargetDependency */ = {
			isa = PBXTargetDependency;
			target = 4CE55E5B1CF72F4B00DDC3EA /* Tasssk */;
			targetProxy = 4CE55E811CF72F4B00DDC3EA /* PBXContainerItemProxy */;
		};
/* End PBXTargetDependency section */

/* Begin PBXVariantGroup section */
		4CE55E681CF72F4B00DDC3EA /* Main.storyboard */ = {
			isa = PBXVariantGroup;
			children = (
				4CE55E691CF72F4B00DDC3EA /* Base */,
			);
			name = Main.storyboard;
			sourceTree = "<group>";
		};
		4CE55E6D1CF72F4B00DDC3EA /* LaunchScreen.storyboard */ = {
			isa = PBXVariantGroup;
			children = (
				4CE55E6E1CF72F4B00DDC3EA /* Base */,
			);
			name = LaunchScreen.storyboard;
			sourceTree = "<group>";
		};
/* End PBXVariantGroup section */

/* Begin XCBuildConfiguration section */
		4CE55E871CF72F4B00DDC3EA /* Debug */ = {
			isa = XCBuildConfiguration;
			buildSettings = {
				ALWAYS_SEARCH_USER_PATHS = NO;
				CLANG_CXX_LANGUAGE_STANDARD = "gnu++0x";
				CLANG_CXX_LIBRARY = "libc++";
				CLANG_ENABLE_MODULES = YES;
				CLANG_ENABLE_OBJC_ARC = YES;
				CLANG_WARN_BOOL_CONVERSION = YES;
				CLANG_WARN_CONSTANT_CONVERSION = YES;
				CLANG_WARN_DIRECT_OBJC_ISA_USAGE = YES_ERROR;
				CLANG_WARN_EMPTY_BODY = YES;
				CLANG_WARN_ENUM_CONVERSION = YES;
				CLANG_WARN_INT_CONVERSION = YES;
				CLANG_WARN_OBJC_ROOT_CLASS = YES_ERROR;
				CLANG_WARN_UNREACHABLE_CODE = YES;
				CLANG_WARN__DUPLICATE_METHOD_MATCH = YES;
				"CODE_SIGN_IDENTITY[sdk=iphoneos*]" = "iPhone Developer";
				COPY_PHASE_STRIP = NO;
				DEBUG_INFORMATION_FORMAT = dwarf;
				ENABLE_STRICT_OBJC_MSGSEND = YES;
				ENABLE_TESTABILITY = YES;
				GCC_C_LANGUAGE_STANDARD = gnu99;
				GCC_DYNAMIC_NO_PIC = NO;
				GCC_NO_COMMON_BLOCKS = YES;
				GCC_OPTIMIZATION_LEVEL = 0;
				GCC_PREPROCESSOR_DEFINITIONS = (
					"DEBUG=1",
					"$(inherited)",
				);
				GCC_WARN_64_TO_32_BIT_CONVERSION = YES;
				GCC_WARN_ABOUT_RETURN_TYPE = YES_ERROR;
				GCC_WARN_UNDECLARED_SELECTOR = YES;
				GCC_WARN_UNINITIALIZED_AUTOS = YES_AGGRESSIVE;
				GCC_WARN_UNUSED_FUNCTION = YES;
				GCC_WARN_UNUSED_VARIABLE = YES;
				IPHONEOS_DEPLOYMENT_TARGET = 9.0;
				MTL_ENABLE_DEBUG_INFO = YES;
				ONLY_ACTIVE_ARCH = YES;
				SDKROOT = iphoneos;
				TARGETED_DEVICE_FAMILY = "1,2";
			};
			name = Debug;
		};
		4CE55E881CF72F4B00DDC3EA /* Release */ = {
			isa = XCBuildConfiguration;
			buildSettings = {
				ALWAYS_SEARCH_USER_PATHS = NO;
				CLANG_CXX_LANGUAGE_STANDARD = "gnu++0x";
				CLANG_CXX_LIBRARY = "libc++";
				CLANG_ENABLE_MODULES = YES;
				CLANG_ENABLE_OBJC_ARC = YES;
				CLANG_WARN_BOOL_CONVERSION = YES;
				CLANG_WARN_CONSTANT_CONVERSION = YES;
				CLANG_WARN_DIRECT_OBJC_ISA_USAGE = YES_ERROR;
				CLANG_WARN_EMPTY_BODY = YES;
				CLANG_WARN_ENUM_CONVERSION = YES;
				CLANG_WARN_INT_CONVERSION = YES;
				CLANG_WARN_OBJC_ROOT_CLASS = YES_ERROR;
				CLANG_WARN_UNREACHABLE_CODE = YES;
				CLANG_WARN__DUPLICATE_METHOD_MATCH = YES;
				"CODE_SIGN_IDENTITY[sdk=iphoneos*]" = "iPhone Developer";
				COPY_PHASE_STRIP = NO;
				DEBUG_INFORMATION_FORMAT = "dwarf-with-dsym";
				ENABLE_NS_ASSERTIONS = NO;
				ENABLE_STRICT_OBJC_MSGSEND = YES;
				GCC_C_LANGUAGE_STANDARD = gnu99;
				GCC_NO_COMMON_BLOCKS = YES;
				GCC_WARN_64_TO_32_BIT_CONVERSION = YES;
				GCC_WARN_ABOUT_RETURN_TYPE = YES_ERROR;
				GCC_WARN_UNDECLARED_SELECTOR = YES;
				GCC_WARN_UNINITIALIZED_AUTOS = YES_AGGRESSIVE;
				GCC_WARN_UNUSED_FUNCTION = YES;
				GCC_WARN_UNUSED_VARIABLE = YES;
				IPHONEOS_DEPLOYMENT_TARGET = 9.0;
				MTL_ENABLE_DEBUG_INFO = NO;
				SDKROOT = iphoneos;
				TARGETED_DEVICE_FAMILY = "1,2";
				VALIDATE_PRODUCT = YES;
			};
			name = Release;
		};
		4CE55E8A1CF72F4B00DDC3EA /* Debug */ = {
			isa = XCBuildConfiguration;
			buildSettings = {
				ASSETCATALOG_COMPILER_APPICON_NAME = AppIcon;
				INFOPLIST_FILE = Tasssk/Info.plist;
				LD_RUNPATH_SEARCH_PATHS = "$(inherited) @executable_path/Frameworks";
				PRODUCT_BUNDLE_IDENTIFIER = fis.Tasssk;
				PRODUCT_NAME = "$(TARGET_NAME)";
			};
			name = Debug;
		};
		4CE55E8B1CF72F4B00DDC3EA /* Release */ = {
			isa = XCBuildConfiguration;
			buildSettings = {
				ASSETCATALOG_COMPILER_APPICON_NAME = AppIcon;
				INFOPLIST_FILE = Tasssk/Info.plist;
				LD_RUNPATH_SEARCH_PATHS = "$(inherited) @executable_path/Frameworks";
				PRODUCT_BUNDLE_IDENTIFIER = fis.Tasssk;
				PRODUCT_NAME = "$(TARGET_NAME)";
			};
			name = Release;
		};
		4CE55E8D1CF72F4B00DDC3EA /* Debug */ = {
			isa = XCBuildConfiguration;
			buildSettings = {
				BUNDLE_LOADER = "$(TEST_HOST)";
				INFOPLIST_FILE = TassskTests/Info.plist;
				LD_RUNPATH_SEARCH_PATHS = "$(inherited) @executable_path/Frameworks @loader_path/Frameworks";
				PRODUCT_BUNDLE_IDENTIFIER = fis.TassskTests;
				PRODUCT_NAME = "$(TARGET_NAME)";
				TEST_HOST = "$(BUILT_PRODUCTS_DIR)/Tasssk.app/Tasssk";
			};
			name = Debug;
		};
		4CE55E8E1CF72F4B00DDC3EA /* Release */ = {
			isa = XCBuildConfiguration;
			buildSettings = {
				BUNDLE_LOADER = "$(TEST_HOST)";
				INFOPLIST_FILE = TassskTests/Info.plist;
				LD_RUNPATH_SEARCH_PATHS = "$(inherited) @executable_path/Frameworks @loader_path/Frameworks";
				PRODUCT_BUNDLE_IDENTIFIER = fis.TassskTests;
				PRODUCT_NAME = "$(TARGET_NAME)";
				TEST_HOST = "$(BUILT_PRODUCTS_DIR)/Tasssk.app/Tasssk";
			};
			name = Release;
		};
		4CE55E901CF72F4B00DDC3EA /* Debug */ = {
			isa = XCBuildConfiguration;
			buildSettings = {
				INFOPLIST_FILE = TassskUITests/Info.plist;
				LD_RUNPATH_SEARCH_PATHS = "$(inherited) @executable_path/Frameworks @loader_path/Frameworks";
				PRODUCT_BUNDLE_IDENTIFIER = fis.TassskUITests;
				PRODUCT_NAME = "$(TARGET_NAME)";
				TEST_TARGET_NAME = Tasssk;
				USES_XCTRUNNER = YES;
			};
			name = Debug;
		};
		4CE55E911CF72F4B00DDC3EA /* Release */ = {
			isa = XCBuildConfiguration;
			buildSettings = {
				INFOPLIST_FILE = TassskUITests/Info.plist;
				LD_RUNPATH_SEARCH_PATHS = "$(inherited) @executable_path/Frameworks @loader_path/Frameworks";
				PRODUCT_BUNDLE_IDENTIFIER = fis.TassskUITests;
				PRODUCT_NAME = "$(TARGET_NAME)";
				TEST_TARGET_NAME = Tasssk;
				USES_XCTRUNNER = YES;
			};
			name = Release;
		};
/* End XCBuildConfiguration section */

/* Begin XCConfigurationList section */
		4CE55E571CF72F4B00DDC3EA /* Build configuration list for PBXProject "Tasssk" */ = {
			isa = XCConfigurationList;
			buildConfigurations = (
				4CE55E871CF72F4B00DDC3EA /* Debug */,
				4CE55E881CF72F4B00DDC3EA /* Release */,
			);
			defaultConfigurationIsVisible = 0;
			defaultConfigurationName = Release;
		};
		4CE55E891CF72F4B00DDC3EA /* Build configuration list for PBXNativeTarget "Tasssk" */ = {
			isa = XCConfigurationList;
			buildConfigurations = (
				4CE55E8A1CF72F4B00DDC3EA /* Debug */,
				4CE55E8B1CF72F4B00DDC3EA /* Release */,
			);
			defaultConfigurationIsVisible = 0;
			defaultConfigurationName = Release;
		};
		4CE55E8C1CF72F4B00DDC3EA /* Build configuration list for PBXNativeTarget "TassskTests" */ = {
			isa = XCConfigurationList;
			buildConfigurations = (
				4CE55E8D1CF72F4B00DDC3EA /* Debug */,
				4CE55E8E1CF72F4B00DDC3EA /* Release */,
			);
			defaultConfigurationIsVisible = 0;
			defaultConfigurationName = Release;
		};
		4CE55E8F1CF72F4B00DDC3EA /* Build configuration list for PBXNativeTarget "TassskUITests" */ = {
			isa = XCConfigurationList;
			buildConfigurations = (
				4CE55E901CF72F4B00DDC3EA /* Debug */,
				4CE55E911CF72F4B00DDC3EA /* Release */,
			);
			defaultConfigurationIsVisible = 0;
			defaultConfigurationName = Release;
		};
/* End XCConfigurationList section */
	};
	rootObject = 4CE55E541CF72F4B00DDC3EA /* Project object */;
}
